
Microsoft Visual Studio Solution File, Format Version 12.00
# Visual Studio 15
VisualStudioVersion = 15.0.28307.106
MinimumVisualStudioVersion = 10.0.40219.1
Project("{FAE04EC0-301F-11D3-BF4B-00C04F79EFBC}") = "elanora", "elanora\elanora.csproj", "{45E2B5E9-6C1A-4BA8-970F-4CEC359774E5}"
EndProject
Global
	GlobalSection(SolutionConfigurationPlatforms) = preSolution
		Debug|Any CPU = Debug|Any CPU
		Release|Any CPU = Release|Any CPU
	EndGlobalSection
	GlobalSection(ProjectConfigurationPlatforms) = postSolution
		{45E2B5E9-6C1A-4BA8-970F-4CEC359774E5}.Debug|Any CPU.ActiveCfg = Debug|Any CPU
		{45E2B5E9-6C1A-4BA8-970F-4CEC359774E5}.Debug|Any CPU.Build.0 = Debug|Any CPU
		{45E2B5E9-6C1A-4BA8-970F-4CEC359774E5}.Release|Any CPU.ActiveCfg = Release|Any CPU
		{45E2B5E9-6C1A-4BA8-970F-4CEC359774E5}.Release|Any CPU.Build.0 = Release|Any CPU
	EndGlobalSection
	GlobalSection(SolutionProperties) = preSolution
		HideSolutionNode = FALSE
	EndGlobalSection
	GlobalSection(ExtensibilityGlobals) = postSolution
		SolutionGuid = {8DBDC33A-AA93-483B-BBEC-076E15BA4DAD}
	EndGlobalSection
EndGlobal
